
Microsoft Visual Studio Solution File, Format Version 12.00
# Visual Studio Version 17
VisualStudioVersion = 17.13.35931.197
MinimumVisualStudioVersion = 10.0.40219.1
Project("{FAE04EC0-301F-11D3-BF4B-00C04F79EFBC}") = "PetrolTracker", "PetrolTracker\PetrolTracker.csproj", "{1CB0E6D7-B7B5-4788-8CBB-E7ACDADD64A4}"
EndProject
Project("{FAE04EC0-301F-11D3-BF4B-00C04F79EFBC}") = "DbManager", "DbManager\DbManager.csproj", "{DE8BD612-8400-48C5-8F90-18F4D43C2F9D}"
EndProject
Project("{FAE04EC0-301F-11D3-BF4B-00C04F79EFBC}") = "GasLoader", "GasLoader\GasLoader.csproj", "{856413E3-05E0-4556-AAE6-E7AE3E69BCED}"
EndProject
Global
	GlobalSection(SolutionConfigurationPlatforms) = preSolution
		Debug|Any CPU = Debug|Any CPU
		Release|Any CPU = Release|Any CPU
	EndGlobalSection
	GlobalSection(ProjectConfigurationPlatforms) = postSolution
		{1CB0E6D7-B7B5-4788-8CBB-E7ACDADD64A4}.Debug|Any CPU.ActiveCfg = Debug|Any CPU
		{1CB0E6D7-B7B5-4788-8CBB-E7ACDADD64A4}.Debug|Any CPU.Build.0 = Debug|Any CPU
		{1CB0E6D7-B7B5-4788-8CBB-E7ACDADD64A4}.Release|Any CPU.ActiveCfg = Release|Any CPU
		{1CB0E6D7-B7B5-4788-8CBB-E7ACDADD64A4}.Release|Any CPU.Build.0 = Release|Any CPU
		{DE8BD612-8400-48C5-8F90-18F4D43C2F9D}.Debug|Any CPU.ActiveCfg = Debug|Any CPU
		{DE8BD612-8400-48C5-8F90-18F4D43C2F9D}.Debug|Any CPU.Build.0 = Debug|Any CPU
		{DE8BD612-8400-48C5-8F90-18F4D43C2F9D}.Release|Any CPU.ActiveCfg = Release|Any CPU
		{DE8BD612-8400-48C5-8F90-18F4D43C2F9D}.Release|Any CPU.Build.0 = Release|Any CPU
		{856413E3-05E0-4556-AAE6-E7AE3E69BCED}.Debug|Any CPU.ActiveCfg = Debug|Any CPU
		{856413E3-05E0-4556-AAE6-E7AE3E69BCED}.Debug|Any CPU.Build.0 = Debug|Any CPU
		{856413E3-05E0-4556-AAE6-E7AE3E69BCED}.Release|Any CPU.ActiveCfg = Release|Any CPU
		{856413E3-05E0-4556-AAE6-E7AE3E69BCED}.Release|Any CPU.Build.0 = Release|Any CPU
	EndGlobalSection
	GlobalSection(SolutionProperties) = preSolution
		HideSolutionNode = FALSE
	EndGlobalSection
	GlobalSection(ExtensibilityGlobals) = postSolution
		SolutionGuid = {289B9F81-D0C2-4C14-BD8A-B0C5EC567D0C}
	EndGlobalSection
EndGlobal
